
Microsoft Visual Studio Solution File, Format Version 12.00
# Visual Studio 14
VisualStudioVersion = 14.0.25420.1
MinimumVisualStudioVersion = 10.0.40219.1
Project("{FAE04EC0-301F-11D3-BF4B-00C04F79EFBC}") = "LetterDemoClassLab", "LetterDemoClassLab\LetterDemoClassLab.csproj", "{FDE96576-4CBD-4C44-A393-D28852D00DC7}"
EndProject
Global
	GlobalSection(SolutionConfigurationPlatforms) = preSolution
		Debug|Any CPU = Debug|Any CPU
		Release|Any CPU = Release|Any CPU
	EndGlobalSection
	GlobalSection(ProjectConfigurationPlatforms) = postSolution
		{FDE96576-4CBD-4C44-A393-D28852D00DC7}.Debug|Any CPU.ActiveCfg = Debug|Any CPU
		{FDE96576-4CBD-4C44-A393-D28852D00DC7}.Debug|Any CPU.Build.0 = Debug|Any CPU
		{FDE96576-4CBD-4C44-A393-D28852D00DC7}.Release|Any CPU.ActiveCfg = Release|Any CPU
		{FDE96576-4CBD-4C44-A393-D28852D00DC7}.Release|Any CPU.Build.0 = Release|Any CPU
	EndGlobalSection
	GlobalSection(SolutionProperties) = preSolution
		HideSolutionNode = FALSE
	EndGlobalSection
EndGlobal
