
Microsoft Visual Studio Solution File, Format Version 12.00
# Visual Studio 15
VisualStudioVersion = 15.0.27130.2010
MinimumVisualStudioVersion = 10.0.40219.1
Project("{FAE04EC0-301F-11D3-BF4B-00C04F79EFBC}") = "Demo1", "Demo1\Demo1.csproj", "{54D62CA3-CD2C-4367-9C9F-2E2D0C6E233E}"
EndProject
Global
	GlobalSection(SolutionConfigurationPlatforms) = preSolution
		Debug|Any CPU = Debug|Any CPU
		Release|Any CPU = Release|Any CPU
	EndGlobalSection
	GlobalSection(ProjectConfigurationPlatforms) = postSolution
		{54D62CA3-CD2C-4367-9C9F-2E2D0C6E233E}.Debug|Any CPU.ActiveCfg = Debug|Any CPU
		{54D62CA3-CD2C-4367-9C9F-2E2D0C6E233E}.Debug|Any CPU.Build.0 = Debug|Any CPU
		{54D62CA3-CD2C-4367-9C9F-2E2D0C6E233E}.Release|Any CPU.ActiveCfg = Release|Any CPU
		{54D62CA3-CD2C-4367-9C9F-2E2D0C6E233E}.Release|Any CPU.Build.0 = Release|Any CPU
	EndGlobalSection
	GlobalSection(SolutionProperties) = preSolution
		HideSolutionNode = FALSE
	EndGlobalSection
	GlobalSection(ExtensibilityGlobals) = postSolution
		SolutionGuid = {75638FFD-FCF2-4101-8A01-8B73E9BE5DF1}
	EndGlobalSection
EndGlobal
