
Microsoft Visual Studio Solution File, Format Version 12.00
# Visual Studio 15
VisualStudioVersion = 15.0.27130.2010
MinimumVisualStudioVersion = 10.0.40219.1
Project("{FAE04EC0-301F-11D3-BF4B-00C04F79EFBC}") = "AbstrPrac1", "AbstrPrac1\AbstrPrac1.csproj", "{A56CC08B-B23C-48C9-A3ED-27234556DE20}"
EndProject
Global
	GlobalSection(SolutionConfigurationPlatforms) = preSolution
		Debug|Any CPU = Debug|Any CPU
		Release|Any CPU = Release|Any CPU
	EndGlobalSection
	GlobalSection(ProjectConfigurationPlatforms) = postSolution
		{A56CC08B-B23C-48C9-A3ED-27234556DE20}.Debug|Any CPU.ActiveCfg = Debug|Any CPU
		{A56CC08B-B23C-48C9-A3ED-27234556DE20}.Debug|Any CPU.Build.0 = Debug|Any CPU
		{A56CC08B-B23C-48C9-A3ED-27234556DE20}.Release|Any CPU.ActiveCfg = Release|Any CPU
		{A56CC08B-B23C-48C9-A3ED-27234556DE20}.Release|Any CPU.Build.0 = Release|Any CPU
	EndGlobalSection
	GlobalSection(SolutionProperties) = preSolution
		HideSolutionNode = FALSE
	EndGlobalSection
	GlobalSection(ExtensibilityGlobals) = postSolution
		SolutionGuid = {1227F3E4-C7DD-4A89-B76E-70DB32D083D3}
	EndGlobalSection
EndGlobal
